PATH
  remote: gems/shaolin-activerecord
  specs:
    shaolin-activerecord (0.1.0)
      activerecord (~> 8.0)
      pg (~> 1.5)
      ruby_event_store-active_record (~> 2.17)
      shaolin-core

PATH
  remote: gems/shaolin-core
  specs:
    shaolin-core (0.1.0)
      dry-auto_inject (~> 1.0)
      dry-configurable (~> 1.0)
      dry-inflector (~> 1.0)
      dry-system (~> 1.0)

PATH
  remote: gems/shaolin-cqrs
  specs:
    shaolin-cqrs (0.1.0)
      aggregate_root (~> 2.19)
      arkency-command_bus (~> 0.4)
      dry-monads (~> 1.6)
      ruby_event_store (~> 2.17)
      shaolin-core

GEM
  remote: https://rubygems.org/
  specs:
    activemodel (8.1.3)
      activesupport (= 8.1.3)
    activerecord (8.1.3)
      activemodel (= 8.1.3)
      activesupport (= 8.1.3)
      timeout (>= 0.4.0)
    activesupport (8.1.3)
      base64
      bigdecimal
      concurrent-ruby (~> 1.0, >= 1.3.1)
      connection_pool (>= 2.2.5)
      drb
      i18n (>= 1.6, < 2)
      json
      logger (>= 1.4.2)
      minitest (>= 5.1)
      securerandom (>= 0.3)
      tzinfo (~> 2.0, >= 2.0.5)
      uri (>= 0.13.1)
    aggregate_root (2.19.2)
      ruby_event_store (= 2.19.2)
    arkency-command_bus (0.4.1)
      concurrent-ruby
    base64 (0.3.0)
    bigdecimal (4.1.2)
    concurrent-ruby (1.3.6)
    connection_pool (3.0.2)
    diff-lcs (1.6.2)
    drb (2.2.3)
    dry-auto_inject (1.2.1)
      dry-core (~> 1.1)
      zeitwerk (~> 2.6)
    dry-configurable (1.4.0)
      dry-core (~> 1.0)
      zeitwerk (~> 2.6)
    dry-core (1.2.0)
      concurrent-ruby (~> 1.0)
      logger
      zeitwerk (~> 2.6)
    dry-inflector (1.3.1)
    dry-monads (1.10.0)
      concurrent-ruby (~> 1.0)
      dry-core (~> 1.1)
      zeitwerk (~> 2.6)
    dry-system (1.2.5)
      dry-auto_inject (~> 1.1)
      dry-configurable (~> 1.3)
      dry-core (~> 1.1)
      dry-inflector (~> 1.1)
    i18n (1.14.8)
      concurrent-ruby (~> 1.0)
    json (2.19.8)
    logger (1.7.0)
    minitest (6.0.6)
      drb (~> 2.0)
      prism (~> 1.5)
    pg (1.6.3)
    pg (1.6.3-x86_64-linux)
    prism (1.9.0)
    rspec (3.13.2)
      rspec-core (~> 3.13.0)
      rspec-expectations (~> 3.13.0)
      rspec-mocks (~> 3.13.0)
    rspec-core (3.13.6)
      rspec-support (~> 3.13.0)
    rspec-expectations (3.13.5)
      diff-lcs (>= 1.2.0, < 2.0)
      rspec-support (~> 3.13.0)
    rspec-mocks (3.13.8)
      diff-lcs (>= 1.2.0, < 2.0)
      rspec-support (~> 3.13.0)
    rspec-support (3.13.7)
    ruby_event_store (2.19.2)
      concurrent-ruby (~> 1.0, >= 1.1.6)
    ruby_event_store-active_record (2.19.2)
      activerecord (>= 6.0)
      ruby_event_store (= 2.19.2)
    ruby_event_store-rspec (2.19.2)
      rspec (~> 3.0)
    securerandom (0.4.1)
    timeout (0.6.1)
    tzinfo (2.0.6)
      concurrent-ruby (~> 1.0)
    uri (1.1.1)
    zeitwerk (2.8.2)

PLATFORMS
  ruby
  x86_64-linux

DEPENDENCIES
  rspec (~> 3.13)
  ruby_event_store-rspec
  shaolin-activerecord!
  shaolin-core!
  shaolin-cqrs!

CHECKSUMS
  activemodel (8.1.3) sha256=90c05cbe4cef3649b8f79f13016191ea94c4525ce4a5c0fb7ef909c4b91c8219
  activerecord (8.1.3) sha256=8003be7b2466ba0a2a670e603eeb0a61dd66058fccecfc49901e775260ac70ab
  activesupport (8.1.3) sha256=21a5e0dfbd4c3ddd9e1317ec6a4d782fa226e7867dc70b0743acda81a1dca20e
  aggregate_root (2.19.2) sha256=37d045d4223d087ab073fc9f1d7e1f4257fbea7f1bdf45f3feffe7f0fac2ed1d
  arkency-command_bus (0.4.1) sha256=8acac50774080ecf6828ba2f953f1ae293e80878efd555267dbd61b2ee764bde
  base64 (0.3.0) sha256=27337aeabad6ffae05c265c450490628ef3ebd4b67be58257393227588f5a97b
  bigdecimal (4.1.2) sha256=53d217666027eab4280346fba98e7d5b66baaae1b9c3c1c0ffe89d48188a3fbd
  concurrent-ruby (1.3.6) sha256=6b56837e1e7e5292f9864f34b69c5a2cbc75c0cf5338f1ce9903d10fa762d5ab
  connection_pool (3.0.2) sha256=33fff5ba71a12d2aa26cb72b1db8bba2a1a01823559fb01d29eb74c286e62e0a
  diff-lcs (1.6.2) sha256=9ae0d2cba7d4df3075fe8cd8602a8604993efc0dfa934cff568969efb1909962
  drb (2.2.3) sha256=0b00d6fdb50995fe4a45dea13663493c841112e4068656854646f418fda13373
  dry-auto_inject (1.2.1) sha256=dedddc8a13fcdf320def7d6741ce7d6da48d749c6d43175ef0072c0be2ba47c8
  dry-configurable (1.4.0) sha256=e35d1b5f3c081753ef361f564919db79000f32cfa6f20ee3a3ba5921b41b73ce
  dry-core (1.2.0) sha256=0cc5a7da88df397f153947eeeae42e876e999c1e30900f3c536fb173854e96a1
  dry-inflector (1.3.1) sha256=7fb0c2bb04f67638f25c52e7ba39ab435d922a3a5c3cd196120f63accb682dcc
  dry-monads (1.10.0) sha256=68c90d77617c6ce88d60704fc3b233907e6320974152fe75ad947f968006ca39
  dry-system (1.2.5) sha256=a02f57c18cbcc6c9c4ea99a7eed0afc830263d2051c855a46a7229ea3708d143
  i18n (1.14.8) sha256=285778639134865c5e0f6269e0b818256017e8cde89993fdfcbfb64d088824a5
  json (2.19.8) sha256=6354310fd76ef69b87d5bd1f38b40d730613baf90b6803d2d0a48f618d32dfaa
  logger (1.7.0) sha256=196edec7cc44b66cfb40f9755ce11b392f21f7967696af15d274dde7edff0203
  minitest (6.0.6) sha256=153ea36d1d987a62942382b61075745042a2b3123b1cd48f4c3675af9cc7d6f1
  pg (1.6.3) sha256=1388d0563e13d2758c1089e35e973a3249e955c659592d10e5b77c468f628a99
  pg (1.6.3-x86_64-linux) sha256=5d9e188c8f7a0295d162b7b88a768d8452a899977d44f3274d1946d67920ae8d
  prism (1.9.0) sha256=7b530c6a9f92c24300014919c9dcbc055bf4cdf51ec30aed099b06cd6674ef85
  rspec (3.13.2) sha256=206284a08ad798e61f86d7ca3e376718d52c0bc944626b2349266f239f820587
  rspec-core (3.13.6) sha256=a8823c6411667b60a8bca135364351dda34cd55e44ff94c4be4633b37d828b2d
  rspec-expectations (3.13.5) sha256=33a4d3a1d95060aea4c94e9f237030a8f9eae5615e9bd85718fe3a09e4b58836
  rspec-mocks (3.13.8) sha256=086ad3d3d17533f4237643de0b5c42f04b66348c28bf6b9c2d3f4a3b01af1d47
  rspec-support (3.13.7) sha256=0640e5570872aafefd79867901deeeeb40b0c9875a36b983d85f54fb7381c47c
  ruby_event_store (2.19.2) sha256=21e5269984d64c7e1f7e0452f27e2b1488fc11de888567a444d005366660a083
  ruby_event_store-active_record (2.19.2) sha256=7d84498b9a52890ca0555a931963c6bebe36183800a343e45b0f3107a029b966
  ruby_event_store-rspec (2.19.2) sha256=0e7d6610477c8652280699709cf5ed39ab3d78c74e3e6dd13c016969942059e1
  securerandom (0.4.1) sha256=cc5193d414a4341b6e225f0cb4446aceca8e50d5e1888743fac16987638ea0b1
  shaolin-activerecord (0.1.0)
  shaolin-core (0.1.0)
  shaolin-cqrs (0.1.0)
  timeout (0.6.1) sha256=78f57368a7e7bbadec56971f78a3f5ecbcfb59b7fcbb0a3ed6ddc08a5094accb
  tzinfo (2.0.6) sha256=8daf828cc77bcf7d63b0e3bdb6caa47e2272dcfaf4fbfe46f8c3a9df087a829b
  uri (1.1.1) sha256=379fa58d27ffb1387eaada68c749d1426738bd0f654d812fcc07e7568f5c57c6
  zeitwerk (2.8.2) sha256=7212a61311083c604184b1ea2574b9aa05cd14f855a0841c06985cabe9181d12

BUNDLED WITH
  4.0.10
